
Microsoft Visual Studio Solution File, Format Version 12.00
# Visual Studio 15
VisualStudioVersion = 15.0.27428.1
MinimumVisualStudioVersion = 10.0.40219.1
Project("{8BC9CEB8-8B4A-11D0-8D11-00A0C91BC942}") = "TANK_2", "TANK_2\TANK_2.vcxproj", "{875FEED7-D160-4D11-9781-FD9EE760AF18}"
EndProject
Global
	GlobalSection(SolutionConfigurationPlatforms) = preSolution
		Debug|x64 = Debug|x64
		Debug|x86 = Debug|x86
		Release|x64 = Release|x64
		Release|x86 = Release|x86
	EndGlobalSection
	GlobalSection(ProjectConfigurationPlatforms) = postSolution
		{875FEED7-D160-4D11-9781-FD9EE760AF18}.Debug|x64.ActiveCfg = Debug|x64
		{875FEED7-D160-4D11-9781-FD9EE760AF18}.Debug|x64.Build.0 = Debug|x64
		{875FEED7-D160-4D11-9781-FD9EE760AF18}.Debug|x86.ActiveCfg = Debug|Win32
		{875FEED7-D160-4D11-9781-FD9EE760AF18}.Debug|x86.Build.0 = Debug|Win32
		{875FEED7-D160-4D11-9781-FD9EE760AF18}.Release|x64.ActiveCfg = Release|x64
		{875FEED7-D160-4D11-9781-FD9EE760AF18}.Release|x64.Build.0 = Release|x64
		{875FEED7-D160-4D11-9781-FD9EE760AF18}.Release|x86.ActiveCfg = Release|Win32
		{875FEED7-D160-4D11-9781-FD9EE760AF18}.Release|x86.Build.0 = Release|Win32
	EndGlobalSection
	GlobalSection(SolutionProperties) = preSolution
		HideSolutionNode = FALSE
	EndGlobalSection
	GlobalSection(ExtensibilityGlobals) = postSolution
		SolutionGuid = {9F5EBFE1-9F3B-4E20-9670-914CCD4D3D16}
	EndGlobalSection
EndGlobal
